// !$*UTF8*$!
{
	archiveVersion = 1;
	classes = {
	};
	objectVersion = 48;
	objects = {

/* Begin PBXBuildFile section */
		E609742E207DB386003521BA /* timg2.gif in Resources */ = {isa = PBXBuildFile; fileRef = E6097426207DB385003521BA /* timg2.gif */; };
		E609742F207DB386003521BA /* timg3.gif in Resources */ = {isa = PBXBuildFile; fileRef = E6097427207DB385003521BA /* timg3.gif */; };
		E6097430207DB386003521BA /* timg0.gif in Resources */ = {isa = PBXBuildFile; fileRef = E6097428207DB385003521BA /* timg0.gif */; };
		E6097431207DB386003521BA /* timg5.gif in Resources */ = {isa = PBXBuildFile; fileRef = E6097429207DB385003521BA /* timg5.gif */; };
		E6097432207DB386003521BA /* timg7.gif in Resources */ = {isa = PBXBuildFile; fileRef = E609742A207DB385003521BA /* timg7.gif */; };
		E6097433207DB386003521BA /* timg4.gif in Resources */ = {isa = PBXBuildFile; fileRef = E609742B207DB385003521BA /* timg4.gif */; };
		E6097434207DB386003521BA /* timg6.gif in Resources */ = {isa = PBXBuildFile; fileRef = E609742C207DB385003521BA /* timg6.gif */; };
		E6097435207DB386003521BA /* timg1.gif in Resources */ = {isa = PBXBuildFile; fileRef = E609742D207DB386003521BA /* timg1.gif */; };
		E614894B20E28319008EE4EB /* NSData+PXYImageContentType.m in Sources */ = {isa = PBXBuildFile; fileRef = E614894A20E28319008EE4EB /* NSData+PXYImageContentType.m */; };
		E617575220859D7E00774B59 /* NSCache+PXYExtension.m in Sources */ = {isa = PBXBuildFile; fileRef = E617575120859D7E00774B59 /* NSCache+PXYExtension.m */; };
		E61757552085F6A800774B59 /* LRUImplement.m in Sources */ = {isa = PBXBuildFile; fileRef = E61757542085F6A800774B59 /* LRUImplement.m */; };
		E61757582086086200774B59 /* LRUViewController.m in Sources */ = {isa = PBXBuildFile; fileRef = E61757572086086200774B59 /* LRUViewController.m */; };
		E61C36B020C7814000579D58 /* check_green.png in Resources */ = {isa = PBXBuildFile; fileRef = E61C36AF20C7814000579D58 /* check_green.png */; };
		E620815D20DB535200877552 /* ImageTypeListController.m in Sources */ = {isa = PBXBuildFile; fileRef = E620815C20DB535200877552 /* ImageTypeListController.m */; };
		E620816C20DB88BA00877552 /* JPEG2000.jp2 in Resources */ = {isa = PBXBuildFile; fileRef = E620816120DB88B900877552 /* JPEG2000.jp2 */; };
		E620816D20DB88BA00877552 /* BMP.bmp in Resources */ = {isa = PBXBuildFile; fileRef = E620816220DB88B900877552 /* BMP.bmp */; };
		E620816E20DB88BA00877552 /* TIFF.tiff in Resources */ = {isa = PBXBuildFile; fileRef = E620816320DB88B900877552 /* TIFF.tiff */; };
		E620816F20DB88BA00877552 /* PNG.png in Resources */ = {isa = PBXBuildFile; fileRef = E620816420DB88B900877552 /* PNG.png */; };
		E620817020DB88BA00877552 /* GIF.gif in Resources */ = {isa = PBXBuildFile; fileRef = E620816520DB88B900877552 /* GIF.gif */; };
		E620817120DB88BA00877552 /* WebP.webp in Resources */ = {isa = PBXBuildFile; fileRef = E620816620DB88B900877552 /* WebP.webp */; };
		E620817220DB88BA00877552 /* OpenEXR.exr in Resources */ = {isa = PBXBuildFile; fileRef = E620816720DB88B900877552 /* OpenEXR.exr */; };
		E620817320DB88BA00877552 /* JPG.jpg in Resources */ = {isa = PBXBuildFile; fileRef = E620816820DB88B900877552 /* JPG.jpg */; };
		E620817420DB88BA00877552 /* HEIF.heic in Resources */ = {isa = PBXBuildFile; fileRef = E620816920DB88B900877552 /* HEIF.heic */; };
		E620817520DB88BA00877552 /* PDF.pdf in Resources */ = {isa = PBXBuildFile; fileRef = E620816A20DB88B900877552 /* PDF.pdf */; };
		E620817620DB88BA00877552 /* JPEG.jpg in Resources */ = {isa = PBXBuildFile; fileRef = E620816B20DB88B900877552 /* JPEG.jpg */; };
		E620DD1A20D62E0E00AA72B3 /* im_but_videochat@2x.png in Resources */ = {isa = PBXBuildFile; fileRef = E620DD1920D62E0D00AA72B3 /* im_but_videochat@2x.png */; };
		E620DD1C20D62E7300AA72B3 /* im_btn_voice@2x.png in Resources */ = {isa = PBXBuildFile; fileRef = E620DD1B20D62E7300AA72B3 /* im_btn_voice@2x.png */; };
		E623A42C207C57C40047FFC5 /* loading.gif in Resources */ = {isa = PBXBuildFile; fileRef = E623A42B207C57C30047FFC5 /* loading.gif */; };
		E623A42E207C8B030047FFC5 /* xubox_loading0.gif in Resources */ = {isa = PBXBuildFile; fileRef = E623A42D207C8B020047FFC5 /* xubox_loading0.gif */; };
		E623A750207C91F90047FFC5 /* UIImage+WCImage.m in Sources */ = {isa = PBXBuildFile; fileRef = E623A74E207C91F80047FFC5 /* UIImage+WCImage.m */; };
		E631AE1820443E0500E586A1 /* AppDelegate.m in Sources */ = {isa = PBXBuildFile; fileRef = E631AE1720443E0500E586A1 /* AppDelegate.m */; };
		E631AE1B20443E0500E586A1 /* ViewController.m in Sources */ = {isa = PBXBuildFile; fileRef = E631AE1A20443E0500E586A1 /* ViewController.m */; };
		E631AE1E20443E0500E586A1 /* Main.storyboard in Resources */ = {isa = PBXBuildFile; fileRef = E631AE1C20443E0500E586A1 /* Main.storyboard */; };
		E631AE2020443E0500E586A1 /* Assets.xcassets in Resources */ = {isa = PBXBuildFile; fileRef = E631AE1F20443E0500E586A1 /* Assets.xcassets */; };
		E631AE2320443E0500E586A1 /* LaunchScreen.storyboard in Resources */ = {isa = PBXBuildFile; fileRef = E631AE2120443E0500E586A1 /* LaunchScreen.storyboard */; };
		E631AE2620443E0500E586A1 /* main.m in Sources */ = {isa = PBXBuildFile; fileRef = E631AE2520443E0500E586A1 /* main.m */; };
		E63286B8205A0C76003BD43F /* PXYSingleClassTest.m in Sources */ = {isa = PBXBuildFile; fileRef = E63286B7205A0C76003BD43F /* PXYSingleClassTest.m */; };
		E63286C4205B9183003BD43F /* one.png in Resources */ = {isa = PBXBuildFile; fileRef = E63286C3205B9183003BD43F /* one.png */; };
		E63286C7205BC28C003BD43F /* PXYMD5DigestHelper.m in Sources */ = {isa = PBXBuildFile; fileRef = E63286C6205BC28C003BD43F /* PXYMD5DigestHelper.m */; };
		E63B3BFC20D4F8C00094554A /* im_but_takePic.png in Resources */ = {isa = PBXBuildFile; fileRef = E63B3BF220D4F8C00094554A /* im_but_takePic.png */; };
		E63B3BFD20D4F8C00094554A /* im_but_video.png in Resources */ = {isa = PBXBuildFile; fileRef = E63B3BF320D4F8C00094554A /* im_but_video.png */; };
		E63B3BFF20D4F8C00094554A /* im_but_location.png in Resources */ = {isa = PBXBuildFile; fileRef = E63B3BF520D4F8C00094554A /* im_but_location.png */; };
		E63B3C0020D4F8C00094554A /* im_but_upload.png in Resources */ = {isa = PBXBuildFile; fileRef = E63B3BF620D4F8C00094554A /* im_but_upload.png */; };
		E63B3C0120D4F8C00094554A /* im_but_tool@2x.png in Resources */ = {isa = PBXBuildFile; fileRef = E63B3BF720D4F8C00094554A /* im_but_tool@2x.png */; };
		E63B3C0220D4F8C00094554A /* im_but_stock.png in Resources */ = {isa = PBXBuildFile; fileRef = E63B3BF820D4F8C00094554A /* im_but_stock.png */; };
		E63B3C0320D4F8C00094554A /* im_but_audiochat.png in Resources */ = {isa = PBXBuildFile; fileRef = E63B3BF920D4F8C00094554A /* im_but_audiochat.png */; };
		E63B3C0420D4F8C00094554A /* im_camera@2x.png in Resources */ = {isa = PBXBuildFile; fileRef = E63B3BFA20D4F8C00094554A /* im_camera@2x.png */; };
		E6478C2D20614E9B00F08250 /* HomeActivity2@3x.png in Resources */ = {isa = PBXBuildFile; fileRef = E6478C2720614E9A00F08250 /* HomeActivity2@3x.png */; };
		E6478C2E20614E9B00F08250 /* HomeActivity3@3x.png in Resources */ = {isa = PBXBuildFile; fileRef = E6478C2820614E9A00F08250 /* HomeActivity3@3x.png */; };
		E6478C2F20614E9B00F08250 /* HomeActivity1@3x.png in Resources */ = {isa = PBXBuildFile; fileRef = E6478C2920614E9A00F08250 /* HomeActivity1@3x.png */; };
		E6478C3020614E9B00F08250 /* HomeActivity2@2x.png in Resources */ = {isa = PBXBuildFile; fileRef = E6478C2A20614E9A00F08250 /* HomeActivity2@2x.png */; };
		E6478C3120614E9B00F08250 /* HomeActivity3@2x.png in Resources */ = {isa = PBXBuildFile; fileRef = E6478C2B20614E9B00F08250 /* HomeActivity3@2x.png */; };
		E6478C3220614E9B00F08250 /* HomeActivity1@2x.png in Resources */ = {isa = PBXBuildFile; fileRef = E6478C2C20614E9B00F08250 /* HomeActivity1@2x.png */; };
		E649CD742088965E0080FD8E /* PXYImageMemoryCacheEliminatedRule.m in Sources */ = {isa = PBXBuildFile; fileRef = E649CD732088965E0080FD8E /* PXYImageMemoryCacheEliminatedRule.m */; };
		E64CCEDF207F346600392B0A /* GenericsModel.m in Sources */ = {isa = PBXBuildFile; fileRef = E64CCEDE207F346600392B0A /* GenericsModel.m */; };
		E64CCEF5207F9A9E00392B0A /* PXYWebImageManager.m in Sources */ = {isa = PBXBuildFile; fileRef = E64CCEE1207F9A9D00392B0A /* PXYWebImageManager.m */; };
		E64CCEF6207F9A9E00392B0A /* PXYImageCacheManager.m in Sources */ = {isa = PBXBuildFile; fileRef = E64CCEE4207F9A9D00392B0A /* PXYImageCacheManager.m */; };
		E64CCEF7207F9A9E00392B0A /* UIImageView+PXYWebCache.m in Sources */ = {isa = PBXBuildFile; fileRef = E64CCEE7207F9A9D00392B0A /* UIImageView+PXYWebCache.m */; };
		E64CCEF8207F9A9E00392B0A /* NSMutableDictionary+PXYExtension.m in Sources */ = {isa = PBXBuildFile; fileRef = E64CCEE9207F9A9D00392B0A /* NSMutableDictionary+PXYExtension.m */; };
		E64CCEF9207F9A9E00392B0A /* NSMutableArray+PXYExtension.m in Sources */ = {isa = PBXBuildFile; fileRef = E64CCEEA207F9A9D00392B0A /* NSMutableArray+PXYExtension.m */; };
		E64CCEFA207F9A9E00392B0A /* PXYImageDiskCache.m in Sources */ = {isa = PBXBuildFile; fileRef = E64CCEEE207F9A9D00392B0A /* PXYImageDiskCache.m */; };
		E64CCEFB207F9A9E00392B0A /* PXYImageMemoryCache.m in Sources */ = {isa = PBXBuildFile; fileRef = E64CCEEF207F9A9D00392B0A /* PXYImageMemoryCache.m */; };
		E64CCEFC207F9A9E00392B0A /* PXYWebImageDownloader.m in Sources */ = {isa = PBXBuildFile; fileRef = E64CCEF4207F9A9E00392B0A /* PXYWebImageDownloader.m */; };
		E64CCF0020805A7100392B0A /* ImageRelateViewController.m in Sources */ = {isa = PBXBuildFile; fileRef = E64CCEFE20805A7100392B0A /* ImageRelateViewController.m */; };
		E64CCF0120805A7100392B0A /* ImageRelateViewController.xib in Resources */ = {isa = PBXBuildFile; fileRef = E64CCEFF20805A7100392B0A /* ImageRelateViewController.xib */; };
		E64CCF0420807DE100392B0A /* ImageProcessHelper.m in Sources */ = {isa = PBXBuildFile; fileRef = E64CCF0320807DE100392B0A /* ImageProcessHelper.m */; };
		E64CCF0C2080AFE400392B0A /* mew_baseline.gif in Resources */ = {isa = PBXBuildFile; fileRef = E64CCF062080AFE200392B0A /* mew_baseline.gif */; };
		E64CCF0D2080AFE400392B0A /* mew_baseline.jpg in Resources */ = {isa = PBXBuildFile; fileRef = E64CCF072080AFE300392B0A /* mew_baseline.jpg */; };
		E64CCF0E2080AFE400392B0A /* mew_interlaced.gif in Resources */ = {isa = PBXBuildFile; fileRef = E64CCF082080AFE300392B0A /* mew_interlaced.gif */; };
		E64CCF0F2080AFE400392B0A /* mew_interlaced.png in Resources */ = {isa = PBXBuildFile; fileRef = E64CCF092080AFE300392B0A /* mew_interlaced.png */; };
		E64CCF102080AFE400392B0A /* mew_progressive.jpg in Resources */ = {isa = PBXBuildFile; fileRef = E64CCF0A2080AFE300392B0A /* mew_progressive.jpg */; };
		E64CCF112080AFE400392B0A /* mew_baseline.png in Resources */ = {isa = PBXBuildFile; fileRef = E64CCF0B2080AFE400392B0A /* mew_baseline.png */; };
		E64CCF142081EFED00392B0A /* ImagePropertiesListController.m in Sources */ = {isa = PBXBuildFile; fileRef = E64CCF132081EFED00392B0A /* ImagePropertiesListController.m */; };
		E64CE6922071FB050074EFB5 /* CodeSnippetsViewController.m in Sources */ = {isa = PBXBuildFile; fileRef = E64CE6912071FB050074EFB5 /* CodeSnippetsViewController.m */; };
		E652B2ED2087654F00882B94 /* LRUDoubleLinkedList.m in Sources */ = {isa = PBXBuildFile; fileRef = E652B2EC2087654F00882B94 /* LRUDoubleLinkedList.m */; };
		E656F46B205FF1EF00216A23 /* ListViewController.m in Sources */ = {isa = PBXBuildFile; fileRef = E656F46A205FF1EF00216A23 /* ListViewController.m */; };
		E656F46F205FF45B00216A23 /* ListTableViewCell.m in Sources */ = {isa = PBXBuildFile; fileRef = E656F46D205FF45B00216A23 /* ListTableViewCell.m */; };
		E656F470205FF45B00216A23 /* ListTableViewCell.xib in Resources */ = {isa = PBXBuildFile; fileRef = E656F46E205FF45B00216A23 /* ListTableViewCell.xib */; };
		E656F473205FF86C00216A23 /* ListTableViewModel.m in Sources */ = {isa = PBXBuildFile; fileRef = E656F472205FF86C00216A23 /* ListTableViewModel.m */; };
		E67F4D482091C74400CC74B1 /* Accelerate.framework in Frameworks */ = {isa = PBXBuildFile; fileRef = E67F4D472091C74400CC74B1 /* Accelerate.framework */; };
		E6A02ABE20C6787500AFF360 /* NSOperation+PXYWebImageExtension.m in Sources */ = {isa = PBXBuildFile; fileRef = E6A02ABD20C6787400AFF360 /* NSOperation+PXYWebImageExtension.m */; };
		E6A02AC220C68BCD00AFF360 /* ImageResearchController.m in Sources */ = {isa = PBXBuildFile; fileRef = E6A02AC020C68BCD00AFF360 /* ImageResearchController.m */; };
		E6A02AC320C68BCD00AFF360 /* ImageResearchController.xib in Resources */ = {isa = PBXBuildFile; fileRef = E6A02AC120C68BCD00AFF360 /* ImageResearchController.xib */; };
		E6A02AC620C6DE4C00AFF360 /* SandboxViewController.m in Sources */ = {isa = PBXBuildFile; fileRef = E6A02AC520C6DE4C00AFF360 /* SandboxViewController.m */; };
		E6F952F4208F74500069695F /* PXYSingleClassTest1.m in Sources */ = {isa = PBXBuildFile; fileRef = E6F952F3208F74500069695F /* PXYSingleClassTest1.m */; };
/* End PBXBuildFile section */

/* Begin PBXFileReference section */
		E6097426207DB385003521BA /* timg2.gif */ = {isa = PBXFileReference; lastKnownFileType = image.gif; path = timg2.gif; sourceTree = "<group>"; };
		E6097427207DB385003521BA /* timg3.gif */ = {isa = PBXFileReference; lastKnownFileType = image.gif; path = timg3.gif; sourceTree = "<group>"; };
		E6097428207DB385003521BA /* timg0.gif */ = {isa = PBXFileReference; lastKnownFileType = image.gif; path = timg0.gif; sourceTree = "<group>"; };
		E6097429207DB385003521BA /* timg5.gif */ = {isa = PBXFileReference; lastKnownFileType = image.gif; path = timg5.gif; sourceTree = "<group>"; };
		E609742A207DB385003521BA /* timg7.gif */ = {isa = PBXFileReference; lastKnownFileType = image.gif; path = timg7.gif; sourceTree = "<group>"; };
		E609742B207DB385003521BA /* timg4.gif */ = {isa = PBXFileReference; lastKnownFileType = image.gif; path = timg4.gif; sourceTree = "<group>"; };
		E609742C207DB385003521BA /* timg6.gif */ = {isa = PBXFileReference; lastKnownFileType = image.gif; path = timg6.gif; sourceTree = "<group>"; };
		E609742D207DB386003521BA /* timg1.gif */ = {isa = PBXFileReference; lastKnownFileType = image.gif; path = timg1.gif; sourceTree = "<group>"; };
		E614894920E28319008EE4EB /* NSData+PXYImageContentType.h */ = {isa = PBXFileReference; lastKnownFileType = sourcecode.c.h; path = "NSData+PXYImageContentType.h"; sourceTree = "<group>"; };
		E614894A20E28319008EE4EB /* NSData+PXYImageContentType.m */ = {isa = PBXFileReference; lastKnownFileType = sourcecode.c.objc; path = "NSData+PXYImageContentType.m"; sourceTree = "<group>"; };
		E61616AA20E54E5900722670 /* PXYWebImageOperationProtocol.h */ = {isa = PBXFileReference; lastKnownFileType = sourcecode.c.h; path = PXYWebImageOperationProtocol.h; sourceTree = "<group>"; };
		E617575020859D7E00774B59 /* NSCache+PXYExtension.h */ = {isa = PBXFileReference; lastKnownFileType = sourcecode.c.h; path = "NSCache+PXYExtension.h"; sourceTree = "<group>"; };
		E617575120859D7E00774B59 /* NSCache+PXYExtension.m */ = {isa = PBXFileReference; lastKnownFileType = sourcecode.c.objc; path = "NSCache+PXYExtension.m"; sourceTree = "<group>"; };
		E61757532085F6A800774B59 /* LRUImplement.h */ = {isa = PBXFileReference; lastKnownFileType = sourcecode.c.h; path = LRUImplement.h; sourceTree = "<group>"; };
		E61757542085F6A800774B59 /* LRUImplement.m */ = {isa = PBXFileReference; lastKnownFileType = sourcecode.c.objc; path = LRUImplement.m; sourceTree = "<group>"; };
		E61757562086086200774B59 /* LRUViewController.h */ = {isa = PBXFileReference; lastKnownFileType = sourcecode.c.h; path = LRUViewController.h; sourceTree = "<group>"; };
		E61757572086086200774B59 /* LRUViewController.m */ = {isa = PBXFileReference; lastKnownFileType = sourcecode.c.objc; path = LRUViewController.m; sourceTree = "<group>"; };
		E61C36AF20C7814000579D58 /* check_green.png */ = {isa = PBXFileReference; lastKnownFileType = image.png; path = check_green.png; sourceTree = "<group>"; };
		E620815B20DB535200877552 /* ImageTypeListController.h */ = {isa = PBXFileReference; fileEncoding = 4; lastKnownFileType = sourcecode.c.h; path = ImageTypeListController.h; sourceTree = "<group>"; };
		E620815C20DB535200877552 /* ImageTypeListController.m */ = {isa = PBXFileReference; fileEncoding = 4; lastKnownFileType = sourcecode.c.objc; path = ImageTypeListController.m; sourceTree = "<group>"; };
		E620816120DB88B900877552 /* JPEG2000.jp2 */ = {isa = PBXFileReference; lastKnownFileType = file; path = JPEG2000.jp2; sourceTree = "<group>"; };
		E620816220DB88B900877552 /* BMP.bmp */ = {isa = PBXFileReference; lastKnownFileType = image.bmp; path = BMP.bmp; sourceTree = "<group>"; };
		E620816320DB88B900877552 /* TIFF.tiff */ = {isa = PBXFileReference; lastKnownFileType = image.tiff; path = TIFF.tiff; sourceTree = "<group>"; };
		E620816420DB88B900877552 /* PNG.png */ = {isa = PBXFileReference; lastKnownFileType = image.png; path = PNG.png; sourceTree = "<group>"; };
		E620816520DB88B900877552 /* GIF.gif */ = {isa = PBXFileReference; lastKnownFileType = image.gif; path = GIF.gif; sourceTree = "<group>"; };
		E620816620DB88B900877552 /* WebP.webp */ = {isa = PBXFileReference; lastKnownFileType = file; path = WebP.webp; sourceTree = "<group>"; };
		E620816720DB88B900877552 /* OpenEXR.exr */ = {isa = PBXFileReference; lastKnownFileType = file; path = OpenEXR.exr; sourceTree = "<group>"; };
		E620816820DB88B900877552 /* JPG.jpg */ = {isa = PBXFileReference; lastKnownFileType = image.jpeg; path = JPG.jpg; sourceTree = "<group>"; };
		E620816920DB88B900877552 /* HEIF.heic */ = {isa = PBXFileReference; lastKnownFileType = file; path = HEIF.heic; sourceTree = "<group>"; };
		E620816A20DB88B900877552 /* PDF.pdf */ = {isa = PBXFileReference; lastKnownFileType = image.pdf; path = PDF.pdf; sourceTree = "<group>"; };
		E620816B20DB88B900877552 /* JPEG.jpg */ = {isa = PBXFileReference; lastKnownFileType = image.jpeg; path = JPEG.jpg; sourceTree = "<group>"; };
		E620DD1920D62E0D00AA72B3 /* im_but_videochat@2x.png */ = {isa = PBXFileReference; lastKnownFileType = image.png; path = "im_but_videochat@2x.png"; sourceTree = "<group>"; };
		E620DD1B20D62E7300AA72B3 /* im_btn_voice@2x.png */ = {isa = PBXFileReference; lastKnownFileType = image.png; path = "im_btn_voice@2x.png"; sourceTree = "<group>"; };
		E623A42B207C57C30047FFC5 /* loading.gif */ = {isa = PBXFileReference; lastKnownFileType = image.gif; path = loading.gif; sourceTree = "<group>"; };
		E623A42D207C8B020047FFC5 /* xubox_loading0.gif */ = {isa = PBXFileReference; lastKnownFileType = image.gif; path = xubox_loading0.gif; sourceTree = "<group>"; };
		E623A74E207C91F80047FFC5 /* UIImage+WCImage.m */ = {isa = PBXFileReference; fileEncoding = 4; lastKnownFileType = sourcecode.c.objc; path = "UIImage+WCImage.m"; sourceTree = "<group>"; };
		E623A74F207C91F80047FFC5 /* UIImage+WCImage.h */ = {isa = PBXFileReference; fileEncoding = 4; lastKnownFileType = sourcecode.c.h; path = "UIImage+WCImage.h"; sourceTree = "<group>"; };
		E631AE1320443E0500E586A1 /* SDWebImageReSearch.app */ = {isa = PBXFileReference; explicitFileType = wrapper.application; includeInIndex = 0; path = SDWebImageReSearch.app; sourceTree = BUILT_PRODUCTS_DIR; };
		E631AE1620443E0500E586A1 /* AppDelegate.h */ = {isa = PBXFileReference; lastKnownFileType = sourcecode.c.h; path = AppDelegate.h; sourceTree = "<group>"; };
		E631AE1720443E0500E586A1 /* AppDelegate.m */ = {isa = PBXFileReference; lastKnownFileType = sourcecode.c.objc; path = AppDelegate.m; sourceTree = "<group>"; };
		E631AE1920443E0500E586A1 /* ViewController.h */ = {isa = PBXFileReference; lastKnownFileType = sourcecode.c.h; path = ViewController.h; sourceTree = "<group>"; };
		E631AE1A20443E0500E586A1 /* ViewController.m */ = {isa = PBXFileReference; lastKnownFileType = sourcecode.c.objc; path = ViewController.m; sourceTree = "<group>"; };
		E631AE1D20443E0500E586A1 /* Base */ = {isa = PBXFileReference; lastKnownFileType = file.storyboard; name = Base; path = Base.lproj/Main.storyboard; sourceTree = "<group>"; };
		E631AE1F20443E0500E586A1 /* Assets.xcassets */ = {isa = PBXFileReference; lastKnownFileType = folder.assetcatalog; path = Assets.xcassets; sourceTree = "<group>"; };
		E631AE2220443E0500E586A1 /* Base */ = {isa = PBXFileReference; lastKnownFileType = file.storyboard; name = Base; path = Base.lproj/LaunchScreen.storyboard; sourceTree = "<group>"; };
		E631AE2420443E0500E586A1 /* Info.plist */ = {isa = PBXFileReference; lastKnownFileType = text.plist.xml; path = Info.plist; sourceTree = "<group>"; };
		E631AE2520443E0500E586A1 /* main.m */ = {isa = PBXFileReference; lastKnownFileType = sourcecode.c.objc; path = main.m; sourceTree = "<group>"; };
		E63286B6205A0C76003BD43F /* PXYSingleClassTest.h */ = {isa = PBXFileReference; lastKnownFileType = sourcecode.c.h; path = PXYSingleClassTest.h; sourceTree = "<group>"; };
		E63286B7205A0C76003BD43F /* PXYSingleClassTest.m */ = {isa = PBXFileReference; lastKnownFileType = sourcecode.c.objc; path = PXYSingleClassTest.m; sourceTree = "<group>"; };
		E63286B9205A1146003BD43F /* WCSingleTool.h */ = {isa = PBXFileReference; fileEncoding = 4; lastKnownFileType = sourcecode.c.h; path = WCSingleTool.h; sourceTree = "<group>"; };
		E63286C3205B9183003BD43F /* one.png */ = {isa = PBXFileReference; lastKnownFileType = image.png; path = one.png; sourceTree = "<group>"; };
		E63286C5205BC28C003BD43F /* PXYMD5DigestHelper.h */ = {isa = PBXFileReference; lastKnownFileType = sourcecode.c.h; path = PXYMD5DigestHelper.h; sourceTree = "<group>"; };
		E63286C6205BC28C003BD43F /* PXYMD5DigestHelper.m */ = {isa = PBXFileReference; lastKnownFileType = sourcecode.c.objc; path = PXYMD5DigestHelper.m; sourceTree = "<group>"; };
		E63B3BF220D4F8C00094554A /* im_but_takePic.png */ = {isa = PBXFileReference; lastKnownFileType = image.png; path = im_but_takePic.png; sourceTree = "<group>"; };
		E63B3BF320D4F8C00094554A /* im_but_video.png */ = {isa = PBXFileReference; lastKnownFileType = image.png; path = im_but_video.png; sourceTree = "<group>"; };
		E63B3BF520D4F8C00094554A /* im_but_location.png */ = {isa = PBXFileReference; lastKnownFileType = image.png; path = im_but_location.png; sourceTree = "<group>"; };
		E63B3BF620D4F8C00094554A /* im_but_upload.png */ = {isa = PBXFileReference; lastKnownFileType = image.png; path = im_but_upload.png; sourceTree = "<group>"; };
		E63B3BF720D4F8C00094554A /* im_but_tool@2x.png */ = {isa = PBXFileReference; lastKnownFileType = image.png; path = "im_but_tool@2x.png"; sourceTree = "<group>"; };
		E63B3BF820D4F8C00094554A /* im_but_stock.png */ = {isa = PBXFileReference; lastKnownFileType = image.png; path = im_but_stock.png; sourceTree = "<group>"; };
		E63B3BF920D4F8C00094554A /* im_but_audiochat.png */ = {isa = PBXFileReference; lastKnownFileType = image.png; path = im_but_audiochat.png; sourceTree = "<group>"; };
		E63B3BFA20D4F8C00094554A /* im_camera@2x.png */ = {isa = PBXFileReference; lastKnownFileType = image.png; path = "im_camera@2x.png"; sourceTree = "<group>"; };
		E6478C2720614E9A00F08250 /* HomeActivity2@3x.png */ = {isa = PBXFileReference; lastKnownFileType = image.png; path = "HomeActivity2@3x.png"; sourceTree = "<group>"; };
		E6478C2820614E9A00F08250 /* HomeActivity3@3x.png */ = {isa = PBXFileReference; lastKnownFileType = image.png; path = "HomeActivity3@3x.png"; sourceTree = "<group>"; };
		E6478C2920614E9A00F08250 /* HomeActivity1@3x.png */ = {isa = PBXFileReference; lastKnownFileType = image.png; path = "HomeActivity1@3x.png"; sourceTree = "<group>"; };
		E6478C2A20614E9A00F08250 /* HomeActivity2@2x.png */ = {isa = PBXFileReference; lastKnownFileType = image.png; path = "HomeActivity2@2x.png"; sourceTree = "<group>"; };
		E6478C2B20614E9B00F08250 /* HomeActivity3@2x.png */ = {isa = PBXFileReference; lastKnownFileType = image.png; path = "HomeActivity3@2x.png"; sourceTree = "<group>"; };
		E6478C2C20614E9B00F08250 /* HomeActivity1@2x.png */ = {isa = PBXFileReference; lastKnownFileType = image.png; path = "HomeActivity1@2x.png"; sourceTree = "<group>"; };
		E649CD722088965E0080FD8E /* PXYImageMemoryCacheEliminatedRule.h */ = {isa = PBXFileReference; lastKnownFileType = sourcecode.c.h; path = PXYImageMemoryCacheEliminatedRule.h; sourceTree = "<group>"; };
		E649CD732088965E0080FD8E /* PXYImageMemoryCacheEliminatedRule.m */ = {isa = PBXFileReference; lastKnownFileType = sourcecode.c.objc; path = PXYImageMemoryCacheEliminatedRule.m; sourceTree = "<group>"; };
		E64CCEDD207F346600392B0A /* GenericsModel.h */ = {isa = PBXFileReference; lastKnownFileType = sourcecode.c.h; path = GenericsModel.h; sourceTree = "<group>"; };
		E64CCEDE207F346600392B0A /* GenericsModel.m */ = {isa = PBXFileReference; lastKnownFileType = sourcecode.c.objc; path = GenericsModel.m; sourceTree = "<group>"; };
		E64CCEE1207F9A9D00392B0A /* PXYWebImageManager.m */ = {isa = PBXFileReference; fileEncoding = 4; lastKnownFileType = sourcecode.c.objc; path = PXYWebImageManager.m; sourceTree = "<group>"; };
		E64CCEE2207F9A9D00392B0A /* PXYImageCacheManager.h */ = {isa = PBXFileReference; fileEncoding = 4; lastKnownFileType = sourcecode.c.h; path = PXYImageCacheManager.h; sourceTree = "<group>"; };
		E64CCEE3207F9A9D00392B0A /* PXYWebImageManager.h */ = {isa = PBXFileReference; fileEncoding = 4; lastKnownFileType = sourcecode.c.h; path = PXYWebImageManager.h; sourceTree = "<group>"; };
		E64CCEE4207F9A9D00392B0A /* PXYImageCacheManager.m */ = {isa = PBXFileReference; fileEncoding = 4; lastKnownFileType = sourcecode.c.objc; path = PXYImageCacheManager.m; sourceTree = "<group>"; };
		E64CCEE6207F9A9D00392B0A /* UIImageView+PXYWebCache.h */ = {isa = PBXFileReference; fileEncoding = 4; lastKnownFileType = sourcecode.c.h; path = "UIImageView+PXYWebCache.h"; sourceTree = "<group>"; };
		E64CCEE7207F9A9D00392B0A /* UIImageView+PXYWebCache.m */ = {isa = PBXFileReference; fileEncoding = 4; lastKnownFileType = sourcecode.c.objc; path = "UIImageView+PXYWebCache.m"; sourceTree = "<group>"; };
		E64CCEE9207F9A9D00392B0A /* NSMutableDictionary+PXYExtension.m */ = {isa = PBXFileReference; fileEncoding = 4; lastKnownFileType = sourcecode.c.objc; path = "NSMutableDictionary+PXYExtension.m"; sourceTree = "<group>"; };
		E64CCEEA207F9A9D00392B0A /* NSMutableArray+PXYExtension.m */ = {isa = PBXFileReference; fileEncoding = 4; lastKnownFileType = sourcecode.c.objc; path = "NSMutableArray+PXYExtension.m"; sourceTree = "<group>"; };
		E64CCEEB207F9A9D00392B0A /* NSMutableDictionary+PXYExtension.h */ = {isa = PBXFileReference; fileEncoding = 4; lastKnownFileType = sourcecode.c.h; path = "NSMutableDictionary+PXYExtension.h"; sourceTree = "<group>"; };
		E64CCEEC207F9A9D00392B0A /* NSMutableArray+PXYExtension.h */ = {isa = PBXFileReference; fileEncoding = 4; lastKnownFileType = sourcecode.c.h; path = "NSMutableArray+PXYExtension.h"; sourceTree = "<group>"; };
		E64CCEEE207F9A9D00392B0A /* PXYImageDiskCache.m */ = {isa = PBXFileReference; fileEncoding = 4; lastKnownFileType = sourcecode.c.objc; path = PXYImageDiskCache.m; sourceTree = "<group>"; };
		E64CCEEF207F9A9D00392B0A /* PXYImageMemoryCache.m */ = {isa = PBXFileReference; fileEncoding = 4; lastKnownFileType = sourcecode.c.objc; path = PXYImageMemoryCache.m; sourceTree = "<group>"; };
		E64CCEF0207F9A9D00392B0A /* PXYImageDiskCache.h */ = {isa = PBXFileReference; fileEncoding = 4; lastKnownFileType = sourcecode.c.h; path = PXYImageDiskCache.h; sourceTree = "<group>"; };
		E64CCEF1207F9A9D00392B0A /* PXYImageMemoryCache.h */ = {isa = PBXFileReference; fileEncoding = 4; lastKnownFileType = sourcecode.c.h; path = PXYImageMemoryCache.h; sourceTree = "<group>"; };
		E64CCEF3207F9A9E00392B0A /* PXYWebImageDownloader.h */ = {isa = PBXFileReference; fileEncoding = 4; lastKnownFileType = sourcecode.c.h; path = PXYWebImageDownloader.h; sourceTree = "<group>"; };
		E64CCEF4207F9A9E00392B0A /* PXYWebImageDownloader.m */ = {isa = PBXFileReference; fileEncoding = 4; lastKnownFileType = sourcecode.c.objc; path = PXYWebImageDownloader.m; sourceTree = "<group>"; };
		E64CCEFD20805A7100392B0A /* ImageRelateViewController.h */ = {isa = PBXFileReference; lastKnownFileType = sourcecode.c.h; path = ImageRelateViewController.h; sourceTree = "<group>"; };
		E64CCEFE20805A7100392B0A /* ImageRelateViewController.m */ = {isa = PBXFileReference; lastKnownFileType = sourcecode.c.objc; path = ImageRelateViewController.m; sourceTree = "<group>"; };
		E64CCEFF20805A7100392B0A /* ImageRelateViewController.xib */ = {isa = PBXFileReference; lastKnownFileType = file.xib; path = ImageRelateViewController.xib; sourceTree = "<group>"; };
		E64CCF0220807DE100392B0A /* ImageProcessHelper.h */ = {isa = PBXFileReference; lastKnownFileType = sourcecode.c.h; path = ImageProcessHelper.h; sourceTree = "<group>"; };
		E64CCF0320807DE100392B0A /* ImageProcessHelper.m */ = {isa = PBXFileReference; lastKnownFileType = sourcecode.c.objc; path = ImageProcessHelper.m; sourceTree = "<group>"; };
		E64CCF062080AFE200392B0A /* mew_baseline.gif */ = {isa = PBXFileReference; lastKnownFileType = image.gif; path = mew_baseline.gif; sourceTree = "<group>"; };
		E64CCF072080AFE300392B0A /* mew_baseline.jpg */ = {isa = PBXFileReference; lastKnownFileType = image.jpeg; path = mew_baseline.jpg; sourceTree = "<group>"; };
		E64CCF082080AFE300392B0A /* mew_interlaced.gif */ = {isa = PBXFileReference; lastKnownFileType = image.gif; path = mew_interlaced.gif; sourceTree = "<group>"; };
		E64CCF092080AFE300392B0A /* mew_interlaced.png */ = {isa = PBXFileReference; lastKnownFileType = image.png; path = mew_interlaced.png; sourceTree = "<group>"; };
		E64CCF0A2080AFE300392B0A /* mew_progressive.jpg */ = {isa = PBXFileReference; lastKnownFileType = image.jpeg; path = mew_progressive.jpg; sourceTree = "<group>"; };
		E64CCF0B2080AFE400392B0A /* mew_baseline.png */ = {isa = PBXFileReference; lastKnownFileType = image.png; path = mew_baseline.png; sourceTree = "<group>"; };
		E64CCF122081EFED00392B0A /* ImagePropertiesListController.h */ = {isa = PBXFileReference; lastKnownFileType = sourcecode.c.h; path = ImagePropertiesListController.h; sourceTree = "<group>"; };
		E64CCF132081EFED00392B0A /* ImagePropertiesListController.m */ = {isa = PBXFileReference; lastKnownFileType = sourcecode.c.objc; path = ImagePropertiesListController.m; sourceTree = "<group>"; };
		E64CE6902071FB050074EFB5 /* CodeSnippetsViewController.h */ = {isa = PBXFileReference; lastKnownFileType = sourcecode.c.h; path = CodeSnippetsViewController.h; sourceTree = "<group>"; };
		E64CE6912071FB050074EFB5 /* CodeSnippetsViewController.m */ = {isa = PBXFileReference; lastKnownFileType = sourcecode.c.objc; path = CodeSnippetsViewController.m; sourceTree = "<group>"; };
		E652B2EB2087654F00882B94 /* LRUDoubleLinkedList.h */ = {isa = PBXFileReference; lastKnownFileType = sourcecode.c.h; path = LRUDoubleLinkedList.h; sourceTree = "<group>"; };
		E652B2EC2087654F00882B94 /* LRUDoubleLinkedList.m */ = {isa = PBXFileReference; lastKnownFileType = sourcecode.c.objc; path = LRUDoubleLinkedList.m; sourceTree = "<group>"; };
		E656F469205FF1EF00216A23 /* ListViewController.h */ = {isa = PBXFileReference; lastKnownFileType = sourcecode.c.h; path = ListViewController.h; sourceTree = "<group>"; };
		E656F46A205FF1EF00216A23 /* ListViewController.m */ = {isa = PBXFileReference; lastKnownFileType = sourcecode.c.objc; path = ListViewController.m; sourceTree = "<group>"; };
		E656F46C205FF45B00216A23 /* ListTableViewCell.h */ = {isa = PBXFileReference; lastKnownFileType = sourcecode.c.h; path = ListTableViewCell.h; sourceTree = "<group>"; };
		E656F46D205FF45B00216A23 /* ListTableViewCell.m */ = {isa = PBXFileReference; lastKnownFileType = sourcecode.c.objc; path = ListTableViewCell.m; sourceTree = "<group>"; };
		E656F46E205FF45B00216A23 /* ListTableViewCell.xib */ = {isa = PBXFileReference; lastKnownFileType = file.xib; path = ListTableViewCell.xib; sourceTree = "<group>"; };
		E656F471205FF86C00216A23 /* ListTableViewModel.h */ = {isa = PBXFileReference; lastKnownFileType = sourcecode.c.h; path = ListTableViewModel.h; sourceTree = "<group>"; };
		E656F472205FF86C00216A23 /* ListTableViewModel.m */ = {isa = PBXFileReference; lastKnownFileType = sourcecode.c.objc; path = ListTableViewModel.m; sourceTree = "<group>"; };
		E67F4D472091C74400CC74B1 /* Accelerate.framework */ = {isa = PBXFileReference; lastKnownFileType = wrapper.framework; name = Accelerate.framework; path = System/Library/Frameworks/Accelerate.framework; sourceTree = SDKROOT; };
		E6A02ABC20C6787400AFF360 /* NSOperation+PXYWebImageExtension.h */ = {isa = PBXFileReference; fileEncoding = 4; lastKnownFileType = sourcecode.c.h; path = "NSOperation+PXYWebImageExtension.h"; sourceTree = "<group>"; };
		E6A02ABD20C6787400AFF360 /* NSOperation+PXYWebImageExtension.m */ = {isa = PBXFileReference; fileEncoding = 4; lastKnownFileType = sourcecode.c.objc; path = "NSOperation+PXYWebImageExtension.m"; sourceTree = "<group>"; };
		E6A02ABF20C68BCD00AFF360 /* ImageResearchController.h */ = {isa = PBXFileReference; lastKnownFileType = sourcecode.c.h; path = ImageResearchController.h; sourceTree = "<group>"; };
		E6A02AC020C68BCD00AFF360 /* ImageResearchController.m */ = {isa = PBXFileReference; lastKnownFileType = sourcecode.c.objc; path = ImageResearchController.m; sourceTree = "<group>"; };
		E6A02AC120C68BCD00AFF360 /* ImageResearchController.xib */ = {isa = PBXFileReference; lastKnownFileType = file.xib; path = ImageResearchController.xib; sourceTree = "<group>"; };
		E6A02AC420C6DE4C00AFF360 /* SandboxViewController.h */ = {isa = PBXFileReference; lastKnownFileType = sourcecode.c.h; path = SandboxViewController.h; sourceTree = "<group>"; };
		E6A02AC520C6DE4C00AFF360 /* SandboxViewController.m */ = {isa = PBXFileReference; lastKnownFileType = sourcecode.c.objc; path = SandboxViewController.m; sourceTree = "<group>"; };
		E6F952F2208F74500069695F /* PXYSingleClassTest1.h */ = {isa = PBXFileReference; lastKnownFileType = sourcecode.c.h; path = PXYSingleClassTest1.h; sourceTree = "<group>"; };
		E6F952F3208F74500069695F /* PXYSingleClassTest1.m */ = {isa = PBXFileReference; lastKnownFileType = sourcecode.c.objc; path = PXYSingleClassTest1.m; sourceTree = "<group>"; };
/* End PBXFileReference section */

/* Begin PBXFrameworksBuildPhase section */
		E631AE1020443E0500E586A1 /* Frameworks */ = {
			isa = PBXFrameworksBuildPhase;
			buildActionMask = 2147483647;
			files = (
				E67F4D482091C74400CC74B1 /* Accelerate.framework in Frameworks */,
			);
			runOnlyForDeploymentPostprocessing = 0;
		};
/* End PBXFrameworksBuildPhase section */

/* Begin PBXGroup section */
		E60D5858204EDAC7006FAC90 /* PXYWebImage */ = {
			isa = PBXGroup;
			children = (
				E64CCEED207F9A9D00392B0A /* Cache */,
				E64CCEE5207F9A9D00392B0A /* Category */,
				E64CCEF2207F9A9E00392B0A /* Downloader */,
				E64CCEE8207F9A9D00392B0A /* Helper */,
				E64CCEE0207F9A9D00392B0A /* Manager */,
			);
			path = PXYWebImage;
			sourceTree = "<group>";
		};
		E620816020DB88B900877552 /* ImageType */ = {
			isa = PBXGroup;
			children = (
				E620816120DB88B900877552 /* JPEG2000.jp2 */,
				E620816220DB88B900877552 /* BMP.bmp */,
				E620816320DB88B900877552 /* TIFF.tiff */,
				E620816420DB88B900877552 /* PNG.png */,
				E620816520DB88B900877552 /* GIF.gif */,
				E620816620DB88B900877552 /* WebP.webp */,
				E620816720DB88B900877552 /* OpenEXR.exr */,
				E620816820DB88B900877552 /* JPG.jpg */,
				E620816920DB88B900877552 /* HEIF.heic */,
				E620816A20DB88B900877552 /* PDF.pdf */,
				E620816B20DB88B900877552 /* JPEG.jpg */,
			);
			name = ImageType;
			path = ../../../../../Desktop/ImageType;
			sourceTree = "<group>";
		};
		E631AE0A20443E0500E586A1 = {
			isa = PBXGroup;
			children = (
				E631AE1520443E0500E586A1 /* SDWebImageReSearch */,
				E631AE1420443E0500E586A1 /* Products */,
				E67F4D462091C74200CC74B1 /* Frameworks */,
			);
			sourceTree = "<group>";
		};
		E631AE1420443E0500E586A1 /* Products */ = {
			isa = PBXGroup;
			children = (
				E631AE1320443E0500E586A1 /* SDWebImageReSearch.app */,
			);
			name = Products;
			sourceTree = "<group>";
		};
		E631AE1520443E0500E586A1 /* SDWebImageReSearch */ = {
			isa = PBXGroup;
			children = (
				E60D5858204EDAC7006FAC90 /* PXYWebImage */,
				E631AE1620443E0500E586A1 /* AppDelegate.h */,
				E631AE1720443E0500E586A1 /* AppDelegate.m */,
				E631AE1920443E0500E586A1 /* ViewController.h */,
				E631AE1A20443E0500E586A1 /* ViewController.m */,
				E61757532085F6A800774B59 /* LRUImplement.h */,
				E61757542085F6A800774B59 /* LRUImplement.m */,
				E652B2EB2087654F00882B94 /* LRUDoubleLinkedList.h */,
				E652B2EC2087654F00882B94 /* LRUDoubleLinkedList.m */,
				E61757562086086200774B59 /* LRUViewController.h */,
				E61757572086086200774B59 /* LRUViewController.m */,
				E64CE6902071FB050074EFB5 /* CodeSnippetsViewController.h */,
				E64CE6912071FB050074EFB5 /* CodeSnippetsViewController.m */,
				E64CCEFD20805A7100392B0A /* ImageRelateViewController.h */,
				E64CCEFE20805A7100392B0A /* ImageRelateViewController.m */,
				E64CCEFF20805A7100392B0A /* ImageRelateViewController.xib */,
				E64CCF122081EFED00392B0A /* ImagePropertiesListController.h */,
				E64CCF132081EFED00392B0A /* ImagePropertiesListController.m */,
				E6A02ABF20C68BCD00AFF360 /* ImageResearchController.h */,
				E6A02AC020C68BCD00AFF360 /* ImageResearchController.m */,
				E6A02AC120C68BCD00AFF360 /* ImageResearchController.xib */,
				E623A74F207C91F80047FFC5 /* UIImage+WCImage.h */,
				E623A74E207C91F80047FFC5 /* UIImage+WCImage.m */,
				E6A02AC420C6DE4C00AFF360 /* SandboxViewController.h */,
				E6A02AC520C6DE4C00AFF360 /* SandboxViewController.m */,
				E620815B20DB535200877552 /* ImageTypeListController.h */,
				E620815C20DB535200877552 /* ImageTypeListController.m */,
				E656F469205FF1EF00216A23 /* ListViewController.h */,
				E656F46A205FF1EF00216A23 /* ListViewController.m */,
				E656F46C205FF45B00216A23 /* ListTableViewCell.h */,
				E656F46D205FF45B00216A23 /* ListTableViewCell.m */,
				E656F46E205FF45B00216A23 /* ListTableViewCell.xib */,
				E656F471205FF86C00216A23 /* ListTableViewModel.h */,
				E656F472205FF86C00216A23 /* ListTableViewModel.m */,
				E64CCF0220807DE100392B0A /* ImageProcessHelper.h */,
				E64CCF0320807DE100392B0A /* ImageProcessHelper.m */,
				E63286B9205A1146003BD43F /* WCSingleTool.h */,
				E64CCEDD207F346600392B0A /* GenericsModel.h */,
				E64CCEDE207F346600392B0A /* GenericsModel.m */,
				E614894920E28319008EE4EB /* NSData+PXYImageContentType.h */,
				E614894A20E28319008EE4EB /* NSData+PXYImageContentType.m */,
				E631AE1C20443E0500E586A1 /* Main.storyboard */,
				E61C36AF20C7814000579D58 /* check_green.png */,
				E63286C3205B9183003BD43F /* one.png */,
				E6478C2C20614E9B00F08250 /* HomeActivity1@2x.png */,
				E6478C2920614E9A00F08250 /* HomeActivity1@3x.png */,
				E6478C2A20614E9A00F08250 /* HomeActivity2@2x.png */,
				E6478C2720614E9A00F08250 /* HomeActivity2@3x.png */,
				E6478C2B20614E9B00F08250 /* HomeActivity3@2x.png */,
				E6478C2820614E9A00F08250 /* HomeActivity3@3x.png */,
				E623A42B207C57C30047FFC5 /* loading.gif */,
				E623A42D207C8B020047FFC5 /* xubox_loading0.gif */,
				E6097428207DB385003521BA /* timg0.gif */,
				E609742D207DB386003521BA /* timg1.gif */,
				E6097426207DB385003521BA /* timg2.gif */,
				E6097427207DB385003521BA /* timg3.gif */,
				E609742B207DB385003521BA /* timg4.gif */,
				E6097429207DB385003521BA /* timg5.gif */,
				E609742C207DB385003521BA /* timg6.gif */,
				E609742A207DB385003521BA /* timg7.gif */,
				E620816020DB88B900877552 /* ImageType */,
				E631AE1F20443E0500E586A1 /* Assets.xcassets */,
				E64CCF062080AFE200392B0A /* mew_baseline.gif */,
				E64CCF072080AFE300392B0A /* mew_baseline.jpg */,
				E64CCF0B2080AFE400392B0A /* mew_baseline.png */,
				E64CCF082080AFE300392B0A /* mew_interlaced.gif */,
				E64CCF092080AFE300392B0A /* mew_interlaced.png */,
				E64CCF0A2080AFE300392B0A /* mew_progressive.jpg */,
				E63B3BF020D4F8C00094554A /* but */,
				E631AE2120443E0500E586A1 /* LaunchScreen.storyboard */,
				E631AE2420443E0500E586A1 /* Info.plist */,
				E631AE2520443E0500E586A1 /* main.m */,
				E63286B6205A0C76003BD43F /* PXYSingleClassTest.h */,
				E63286B7205A0C76003BD43F /* PXYSingleClassTest.m */,
				E6F952F2208F74500069695F /* PXYSingleClassTest1.h */,
				E6F952F3208F74500069695F /* PXYSingleClassTest1.m */,
			);
			path = SDWebImageReSearch;
			sourceTree = "<group>";
		};
		E63B3BF020D4F8C00094554A /* but */ = {
			isa = PBXGroup;
			children = (
				E620DD1B20D62E7300AA72B3 /* im_btn_voice@2x.png */,
				E63B3BF220D4F8C00094554A /* im_but_takePic.png */,
				E63B3BF320D4F8C00094554A /* im_but_video.png */,
				E620DD1920D62E0D00AA72B3 /* im_but_videochat@2x.png */,
				E63B3BF520D4F8C00094554A /* im_but_location.png */,
				E63B3BF620D4F8C00094554A /* im_but_upload.png */,
				E63B3BF720D4F8C00094554A /* im_but_tool@2x.png */,
				E63B3BF820D4F8C00094554A /* im_but_stock.png */,
				E63B3BF920D4F8C00094554A /* im_but_audiochat.png */,
				E63B3BFA20D4F8C00094554A /* im_camera@2x.png */,
			);
			path = but;
			sourceTree = "<group>";
		};
		E64CCEE0207F9A9D00392B0A /* Manager */ = {
			isa = PBXGroup;
			children = (
				E64CCEE3207F9A9D00392B0A /* PXYWebImageManager.h */,
				E64CCEE1207F9A9D00392B0A /* PXYWebImageManager.m */,
				E64CCEE2207F9A9D00392B0A /* PXYImageCacheManager.h */,
				E64CCEE4207F9A9D00392B0A /* PXYImageCacheManager.m */,
			);
			path = Manager;
			sourceTree = "<group>";
		};
		E64CCEE5207F9A9D00392B0A /* Category */ = {
			isa = PBXGroup;
			children = (
				E64CCEE6207F9A9D00392B0A /* UIImageView+PXYWebCache.h */,
				E64CCEE7207F9A9D00392B0A /* UIImageView+PXYWebCache.m */,
			);
			path = Category;
			sourceTree = "<group>";
		};
		E64CCEE8207F9A9D00392B0A /* Helper */ = {
			isa = PBXGroup;
			children = (
				E6A02ABC20C6787400AFF360 /* NSOperation+PXYWebImageExtension.h */,
				E6A02ABD20C6787400AFF360 /* NSOperation+PXYWebImageExtension.m */,
				E63286C5205BC28C003BD43F /* PXYMD5DigestHelper.h */,
				E63286C6205BC28C003BD43F /* PXYMD5DigestHelper.m */,
				E64CCEEB207F9A9D00392B0A /* NSMutableDictionary+PXYExtension.h */,
				E64CCEE9207F9A9D00392B0A /* NSMutableDictionary+PXYExtension.m */,
				E64CCEEC207F9A9D00392B0A /* NSMutableArray+PXYExtension.h */,
				E64CCEEA207F9A9D00392B0A /* NSMutableArray+PXYExtension.m */,
			);
			path = Helper;
			sourceTree = "<group>";
		};
		E64CCEED207F9A9D00392B0A /* Cache */ = {
			isa = PBXGroup;
			children = (
				E64CCEF1207F9A9D00392B0A /* PXYImageMemoryCache.h */,
				E64CCEEF207F9A9D00392B0A /* PXYImageMemoryCache.m */,
				E649CD722088965E0080FD8E /* PXYImageMemoryCacheEliminatedRule.h */,
				E649CD732088965E0080FD8E /* PXYImageMemoryCacheEliminatedRule.m */,
				E617575020859D7E00774B59 /* NSCache+PXYExtension.h */,
				E617575120859D7E00774B59 /* NSCache+PXYExtension.m */,
				E64CCEF0207F9A9D00392B0A /* PXYImageDiskCache.h */,
				E64CCEEE207F9A9D00392B0A /* PXYImageDiskCache.m */,
			);
			path = Cache;
			sourceTree = "<group>";
		};
		E64CCEF2207F9A9E00392B0A /* Downloader */ = {
			isa = PBXGroup;
			children = (
				E64CCEF3207F9A9E00392B0A /* PXYWebImageDownloader.h */,
				E64CCEF4207F9A9E00392B0A /* PXYWebImageDownloader.m */,
				E61616AA20E54E5900722670 /* PXYWebImageOperationProtocol.h */,
			);
			path = Downloader;
			sourceTree = "<group>";
		};
		E67F4D462091C74200CC74B1 /* Frameworks */ = {
			isa = PBXGroup;
			children = (
				E67F4D472091C74400CC74B1 /* Accelerate.framework */,
			);
			name = Frameworks;
			sourceTree = "<group>";
		};
/* End PBXGroup section */

/* Begin PBXNativeTarget section */
		E631AE1220443E0500E586A1 /* SDWebImageReSearch */ = {
			isa = PBXNativeTarget;
			buildConfigurationList = E631AE2920443E0500E586A1 /* Build configuration list for PBXNativeTarget "SDWebImageReSearch" */;
			buildPhases = (
				E631AE0F20443E0500E586A1 /* Sources */,
				E631AE1020443E0500E586A1 /* Frameworks */,
				E631AE1120443E0500E586A1 /* Resources */,
			);
			buildRules = (
			);
			dependencies = (
			);
			name = SDWebImageReSearch;
			productName = SDWebImageReSearch;
			productReference = E631AE1320443E0500E586A1 /* SDWebImageReSearch.app */;
			productType = "com.apple.product-type.application";
		};
/* End PBXNativeTarget section */

/* Begin PBXProject section */
		E631AE0B20443E0500E586A1 /* Project object */ = {
			isa = PBXProject;
			attributes = {
				LastUpgradeCheck = 0920;
				ORGANIZATIONNAME = Pengxuyuan;
				TargetAttributes = {
					E631AE1220443E0500E586A1 = {
						CreatedOnToolsVersion = 9.2;
						ProvisioningStyle = Automatic;
					};
				};
			};
			buildConfigurationList = E631AE0E20443E0500E586A1 /* Build configuration list for PBXProject "SDWebImageReSearch" */;
			compatibilityVersion = "Xcode 8.0";
			developmentRegion = en;
			hasScannedForEncodings = 0;
			knownRegions = (
				en,
				Base,
			);
			mainGroup = E631AE0A20443E0500E586A1;
			productRefGroup = E631AE1420443E0500E586A1 /* Products */;
			projectDirPath = "";
			projectRoot = "";
			targets = (
				E631AE1220443E0500E586A1 /* SDWebImageReSearch */,
			);
		};
/* End PBXProject section */

/* Begin PBXResourcesBuildPhase section */
		E631AE1120443E0500E586A1 /* Resources */ = {
			isa = PBXResourcesBuildPhase;
			buildActionMask = 2147483647;
			files = (
				E6A02AC320C68BCD00AFF360 /* ImageResearchController.xib in Resources */,
				E6478C3220614E9B00F08250 /* HomeActivity1@2x.png in Resources */,
				E64CCF0F2080AFE400392B0A /* mew_interlaced.png in Resources */,
				E620816E20DB88BA00877552 /* TIFF.tiff in Resources */,
				E609742F207DB386003521BA /* timg3.gif in Resources */,
				E6478C2F20614E9B00F08250 /* HomeActivity1@3x.png in Resources */,
				E6097432207DB386003521BA /* timg7.gif in Resources */,
				E63B3BFF20D4F8C00094554A /* im_but_location.png in Resources */,
				E631AE2320443E0500E586A1 /* LaunchScreen.storyboard in Resources */,
				E623A42E207C8B030047FFC5 /* xubox_loading0.gif in Resources */,
				E620817420DB88BA00877552 /* HEIF.heic in Resources */,
				E6097433207DB386003521BA /* timg4.gif in Resources */,
				E64CCF0C2080AFE400392B0A /* mew_baseline.gif in Resources */,
				E61C36B020C7814000579D58 /* check_green.png in Resources */,
				E64CCF0D2080AFE400392B0A /* mew_baseline.jpg in Resources */,
				E6097435207DB386003521BA /* timg1.gif in Resources */,
				E63286C4205B9183003BD43F /* one.png in Resources */,
				E609742E207DB386003521BA /* timg2.gif in Resources */,
				E63B3C0320D4F8C00094554A /* im_but_audiochat.png in Resources */,
				E6478C2D20614E9B00F08250 /* HomeActivity2@3x.png in Resources */,
				E63B3C0420D4F8C00094554A /* im_camera@2x.png in Resources */,
				E6478C2E20614E9B00F08250 /* HomeActivity3@3x.png in Resources */,
				E620DD1C20D62E7300AA72B3 /* im_btn_voice@2x.png in Resources */,
				E620816C20DB88BA00877552 /* JPEG2000.jp2 in Resources */,
				E620817220DB88BA00877552 /* OpenEXR.exr in Resources */,
				E64CCF102080AFE400392B0A /* mew_progressive.jpg in Resources */,
				E63B3C0120D4F8C00094554A /* im_but_tool@2x.png in Resources */,
				E64CCF112080AFE400392B0A /* mew_baseline.png in Resources */,
				E6097430207DB386003521BA /* timg0.gif in Resources */,
				E63B3BFD20D4F8C00094554A /* im_but_video.png in Resources */,
				E6478C3020614E9B00F08250 /* HomeActivity2@2x.png in Resources */,
				E620817520DB88BA00877552 /* PDF.pdf in Resources */,
				E64CCF0120805A7100392B0A /* ImageRelateViewController.xib in Resources */,
				E6478C3120614E9B00F08250 /* HomeActivity3@2x.png in Resources */,
				E620816F20DB88BA00877552 /* PNG.png in Resources */,
				E63B3C0020D4F8C00094554A /* im_but_upload.png in Resources */,
				E620817020DB88BA00877552 /* GIF.gif in Resources */,
				E6097434207DB386003521BA /* timg6.gif in Resources */,
				E620817120DB88BA00877552 /* WebP.webp in Resources */,
				E64CCF0E2080AFE400392B0A /* mew_interlaced.gif in Resources */,
				E620816D20DB88BA00877552 /* BMP.bmp in Resources */,
				E620817320DB88BA00877552 /* JPG.jpg in Resources */,
				E631AE2020443E0500E586A1 /* Assets.xcassets in Resources */,
				E623A42C207C57C40047FFC5 /* loading.gif in Resources */,
				E620817620DB88BA00877552 /* JPEG.jpg in Resources */,
				E631AE1E20443E0500E586A1 /* Main.storyboard in Resources */,
				E63B3BFC20D4F8C00094554A /* im_but_takePic.png in Resources */,
				E656F470205FF45B00216A23 /* ListTableViewCell.xib in Resources */,
				E63B3C0220D4F8C00094554A /* im_but_stock.png in Resources */,
				E620DD1A20D62E0E00AA72B3 /* im_but_videochat@2x.png in Resources */,
				E6097431207DB386003521BA /* timg5.gif in Resources */,
			);
			runOnlyForDeploymentPostprocessing = 0;
		};
/* End PBXResourcesBuildPhase section */

/* Begin PBXSourcesBuildPhase section */
		E631AE0F20443E0500E586A1 /* Sources */ = {
			isa = PBXSourcesBuildPhase;
			buildActionMask = 2147483647;
			files = (
				E64CCEDF207F346600392B0A /* GenericsModel.m in Sources */,
				E64CCEF9207F9A9E00392B0A /* NSMutableArray+PXYExtension.m in Sources */,
				E656F46B205FF1EF00216A23 /* ListViewController.m in Sources */,
				E64CE6922071FB050074EFB5 /* CodeSnippetsViewController.m in Sources */,
				E631AE1B20443E0500E586A1 /* ViewController.m in Sources */,
				E64CCF0420807DE100392B0A /* ImageProcessHelper.m in Sources */,
				E64CCEFA207F9A9E00392B0A /* PXYImageDiskCache.m in Sources */,
				E614894B20E28319008EE4EB /* NSData+PXYImageContentType.m in Sources */,
				E64CCEF6207F9A9E00392B0A /* PXYImageCacheManager.m in Sources */,
				E652B2ED2087654F00882B94 /* LRUDoubleLinkedList.m in Sources */,
				E6A02ABE20C6787500AFF360 /* NSOperation+PXYWebImageExtension.m in Sources */,
				E6F952F4208F74500069695F /* PXYSingleClassTest1.m in Sources */,
				E64CCEFB207F9A9E00392B0A /* PXYImageMemoryCache.m in Sources */,
				E649CD742088965E0080FD8E /* PXYImageMemoryCacheEliminatedRule.m in Sources */,
				E64CCEF7207F9A9E00392B0A /* UIImageView+PXYWebCache.m in Sources */,
				E63286C7205BC28C003BD43F /* PXYMD5DigestHelper.m in Sources */,
				E656F46F205FF45B00216A23 /* ListTableViewCell.m in Sources */,
				E63286B8205A0C76003BD43F /* PXYSingleClassTest.m in Sources */,
				E631AE2620443E0500E586A1 /* main.m in Sources */,
				E6A02AC220C68BCD00AFF360 /* ImageResearchController.m in Sources */,
				E617575220859D7E00774B59 /* NSCache+PXYExtension.m in Sources */,
				E64CCF142081EFED00392B0A /* ImagePropertiesListController.m in Sources */,
				E64CCF0020805A7100392B0A /* ImageRelateViewController.m in Sources */,
				E631AE1820443E0500E586A1 /* AppDelegate.m in Sources */,
				E61757552085F6A800774B59 /* LRUImplement.m in Sources */,
				E61757582086086200774B59 /* LRUViewController.m in Sources */,
				E620815D20DB535200877552 /* ImageTypeListController.m in Sources */,
				E64CCEF8207F9A9E00392B0A /* NSMutableDictionary+PXYExtension.m in Sources */,
				E64CCEF5207F9A9E00392B0A /* PXYWebImageManager.m in Sources */,
				E623A750207C91F90047FFC5 /* UIImage+WCImage.m in Sources */,
				E656F473205FF86C00216A23 /* ListTableViewModel.m in Sources */,
				E6A02AC620C6DE4C00AFF360 /* SandboxViewController.m in Sources */,
				E64CCEFC207F9A9E00392B0A /* PXYWebImageDownloader.m in Sources */,
			);
			runOnlyForDeploymentPostprocessing = 0;
		};
/* End PBXSourcesBuildPhase section */

/* Begin PBXVariantGroup section */
		E631AE1C20443E0500E586A1 /* Main.storyboard */ = {
			isa = PBXVariantGroup;
			children = (
				E631AE1D20443E0500E586A1 /* Base */,
			);
			name = Main.storyboard;
			sourceTree = "<group>";
		};
		E631AE2120443E0500E586A1 /* LaunchScreen.storyboard */ = {
			isa = PBXVariantGroup;
			children = (
				E631AE2220443E0500E586A1 /* Base */,
			);
			name = LaunchScreen.storyboard;
			sourceTree = "<group>";
		};
/* End PBXVariantGroup section */

/* Begin XCBuildConfiguration section */
		E631AE2720443E0500E586A1 /* Debug */ = {
			isa = XCBuildConfiguration;
			buildSettings = {
				ALWAYS_SEARCH_USER_PATHS = NO;
				CLANG_ANALYZER_NONNULL = YES;
				CLANG_ANALYZER_NUMBER_OBJECT_CONVERSION = YES_AGGRESSIVE;
				CLANG_CXX_LANGUAGE_STANDARD = "gnu++14";
				CLANG_CXX_LIBRARY = "libc++";
				CLANG_ENABLE_MODULES = YES;
				CLANG_ENABLE_OBJC_ARC = YES;
				CLANG_WARN_BLOCK_CAPTURE_AUTORELEASING = YES;
				CLANG_WARN_BOOL_CONVERSION = YES;
				CLANG_WARN_COMMA = YES;
				CLANG_WARN_CONSTANT_CONVERSION = YES;
				CLANG_WARN_DIRECT_OBJC_ISA_USAGE = YES_ERROR;
				CLANG_WARN_DOCUMENTATION_COMMENTS = YES;
				CLANG_WARN_EMPTY_BODY = YES;
				CLANG_WARN_ENUM_CONVERSION = YES;
				CLANG_WARN_INFINITE_RECURSION = YES;
				CLANG_WARN_INT_CONVERSION = YES;
				CLANG_WARN_NON_LITERAL_NULL_CONVERSION = YES;
				CLANG_WARN_OBJC_LITERAL_CONVERSION = YES;
				CLANG_WARN_OBJC_ROOT_CLASS = YES_ERROR;
				CLANG_WARN_RANGE_LOOP_ANALYSIS = YES;
				CLANG_WARN_STRICT_PROTOTYPES = YES;
				CLANG_WARN_SUSPICIOUS_MOVE = YES;
				CLANG_WARN_UNGUARDED_AVAILABILITY = YES_AGGRESSIVE;
				CLANG_WARN_UNREACHABLE_CODE = YES;
				CLANG_WARN__DUPLICATE_METHOD_MATCH = YES;
				CODE_SIGN_IDENTITY = "iPhone Developer";
				COPY_PHASE_STRIP = NO;
				DEBUG_INFORMATION_FORMAT = dwarf;
				ENABLE_STRICT_OBJC_MSGSEND = YES;
				ENABLE_TESTABILITY = YES;
				GCC_C_LANGUAGE_STANDARD = gnu11;
				GCC_DYNAMIC_NO_PIC = NO;
				GCC_NO_COMMON_BLOCKS = YES;
				GCC_OPTIMIZATION_LEVEL = 0;
				GCC_PREPROCESSOR_DEFINITIONS = (
					"DEBUG=1",
					"$(inherited)",
				);
				GCC_WARN_64_TO_32_BIT_CONVERSION = YES;
				GCC_WARN_ABOUT_RETURN_TYPE = YES_ERROR;
				GCC_WARN_UNDECLARED_SELECTOR = YES;
				GCC_WARN_UNINITIALIZED_AUTOS = YES_AGGRESSIVE;
				GCC_WARN_UNUSED_FUNCTION = YES;
				GCC_WARN_UNUSED_VARIABLE = YES;
				IPHONEOS_DEPLOYMENT_TARGET = 11.2;
				MTL_ENABLE_DEBUG_INFO = YES;
				ONLY_ACTIVE_ARCH = YES;
				SDKROOT = iphoneos;
			};
			name = Debug;
		};
		E631AE2820443E0500E586A1 /* Release */ = {
			isa = XCBuildConfiguration;
			buildSettings = {
				ALWAYS_SEARCH_USER_PATHS = NO;
				CLANG_ANALYZER_NONNULL = YES;
				CLANG_ANALYZER_NUMBER_OBJECT_CONVERSION = YES_AGGRESSIVE;
				CLANG_CXX_LANGUAGE_STANDARD = "gnu++14";
				CLANG_CXX_LIBRARY = "libc++";
				CLANG_ENABLE_MODULES = YES;
				CLANG_ENABLE_OBJC_ARC = YES;
				CLANG_WARN_BLOCK_CAPTURE_AUTORELEASING = YES;
				CLANG_WARN_BOOL_CONVERSION = YES;
				CLANG_WARN_COMMA = YES;
				CLANG_WARN_CONSTANT_CONVERSION = YES;
				CLANG_WARN_DIRECT_OBJC_ISA_USAGE = YES_ERROR;
				CLANG_WARN_DOCUMENTATION_COMMENTS = YES;
				CLANG_WARN_EMPTY_BODY = YES;
				CLANG_WARN_ENUM_CONVERSION = YES;
				CLANG_WARN_INFINITE_RECURSION = YES;
				CLANG_WARN_INT_CONVERSION = YES;
				CLANG_WARN_NON_LITERAL_NULL_CONVERSION = YES;
				CLANG_WARN_OBJC_LITERAL_CONVERSION = YES;
				CLANG_WARN_OBJC_ROOT_CLASS = YES_ERROR;
				CLANG_WARN_RANGE_LOOP_ANALYSIS = YES;
				CLANG_WARN_STRICT_PROTOTYPES = YES;
				CLANG_WARN_SUSPICIOUS_MOVE = YES;
				CLANG_WARN_UNGUARDED_AVAILABILITY = YES_AGGRESSIVE;
				CLANG_WARN_UNREACHABLE_CODE = YES;
				CLANG_WARN__DUPLICATE_METHOD_MATCH = YES;
				CODE_SIGN_IDENTITY = "iPhone Developer";
				COPY_PHASE_STRIP = NO;
				DEBUG_INFORMATION_FORMAT = "dwarf-with-dsym";
				ENABLE_NS_ASSERTIONS = NO;
				ENABLE_STRICT_OBJC_MSGSEND = YES;
				GCC_C_LANGUAGE_STANDARD = gnu11;
				GCC_NO_COMMON_BLOCKS = YES;
				GCC_WARN_64_TO_32_BIT_CONVERSION = YES;
				GCC_WARN_ABOUT_RETURN_TYPE = YES_ERROR;
				GCC_WARN_UNDECLARED_SELECTOR = YES;
				GCC_WARN_UNINITIALIZED_AUTOS = YES_AGGRESSIVE;
				GCC_WARN_UNUSED_FUNCTION = YES;
				GCC_WARN_UNUSED_VARIABLE = YES;
				IPHONEOS_DEPLOYMENT_TARGET = 11.2;
				MTL_ENABLE_DEBUG_INFO = NO;
				SDKROOT = iphoneos;
				VALIDATE_PRODUCT = YES;
			};
			name = Release;
		};
		E631AE2A20443E0500E586A1 /* Debug */ = {
			isa = XCBuildConfiguration;
			buildSettings = {
				ASSETCATALOG_COMPILER_APPICON_NAME = AppIcon;
				CODE_SIGN_STYLE = Automatic;
				DEVELOPMENT_TEAM = JQ65Q8X2ZJ;
				INFOPLIST_FILE = SDWebImageReSearch/Info.plist;
				IPHONEOS_DEPLOYMENT_TARGET = 10.0;
				LD_RUNPATH_SEARCH_PATHS = "$(inherited) @executable_path/Frameworks";
				PRODUCT_BUNDLE_IDENTIFIER = com.pengxuyuan.SDWebImageReSearch;
				PRODUCT_NAME = "$(TARGET_NAME)";
				TARGETED_DEVICE_FAMILY = "1,2";
			};
			name = Debug;
		};
		E631AE2B20443E0500E586A1 /* Release */ = {
			isa = XCBuildConfiguration;
			buildSettings = {
				ASSETCATALOG_COMPILER_APPICON_NAME = AppIcon;
				CODE_SIGN_STYLE = Automatic;
				DEVELOPMENT_TEAM = JQ65Q8X2ZJ;
				INFOPLIST_FILE = SDWebImageReSearch/Info.plist;
				IPHONEOS_DEPLOYMENT_TARGET = 10.0;
				LD_RUNPATH_SEARCH_PATHS = "$(inherited) @executable_path/Frameworks";
				PRODUCT_BUNDLE_IDENTIFIER = com.pengxuyuan.SDWebImageReSearch;
				PRODUCT_NAME = "$(TARGET_NAME)";
				TARGETED_DEVICE_FAMILY = "1,2";
			};
			name = Release;
		};
/* End XCBuildConfiguration section */

/* Begin XCConfigurationList section */
		E631AE0E20443E0500E586A1 /* Build configuration list for PBXProject "SDWebImageReSearch" */ = {
			isa = XCConfigurationList;
			buildConfigurations = (
				E631AE2720443E0500E586A1 /* Debug */,
				E631AE2820443E0500E586A1 /* Release */,
			);
			defaultConfigurationIsVisible = 0;
			defaultConfigurationName = Release;
		};
		E631AE2920443E0500E586A1 /* Build configuration list for PBXNativeTarget "SDWebImageReSearch" */ = {
			isa = XCConfigurationList;
			buildConfigurations = (
				E631AE2A20443E0500E586A1 /* Debug */,
				E631AE2B20443E0500E586A1 /* Release */,
			);
			defaultConfigurationIsVisible = 0;
			defaultConfigurationName = Release;
		};
/* End XCConfigurationList section */
	};
	rootObject = E631AE0B20443E0500E586A1 /* Project object */;
}
